
Microsoft Visual Studio Solution File, Format Version 12.00
# Visual Studio 15
VisualStudioVersion = 15.0.28307.106
MinimumVisualStudioVersion = 10.0.40219.1
Project("{FAE04EC0-301F-11D3-BF4B-00C04F79EFBC}") = "BikeLibrary", "BikeLibrary\BikeLibrary.csproj", "{1E061B8E-DEAF-419D-BD5A-CC6B0D44174A}"
EndProject
Project("{FAE04EC0-301F-11D3-BF4B-00C04F79EFBC}") = "BikeHandlerUnitTest", "BikeHandlerUnitTest\BikeHandlerUnitTest.csproj", "{3DA011CB-310F-4141-B54C-4609E41CFE1A}"
EndProject
Project("{FAE04EC0-301F-11D3-BF4B-00C04F79EFBC}") = "BikeRestService", "BikeRestService\BikeRestService.csproj", "{3DFB31B8-B977-44B2-AB71-A0B90CF42948}"
EndProject
Global
	GlobalSection(SolutionConfigurationPlatforms) = preSolution
		Debug|Any CPU = Debug|Any CPU
		Release|Any CPU = Release|Any CPU
	EndGlobalSection
	GlobalSection(ProjectConfigurationPlatforms) = postSolution
		{1E061B8E-DEAF-419D-BD5A-CC6B0D44174A}.Debug|Any CPU.ActiveCfg = Debug|Any CPU
		{1E061B8E-DEAF-419D-BD5A-CC6B0D44174A}.Debug|Any CPU.Build.0 = Debug|Any CPU
		{1E061B8E-DEAF-419D-BD5A-CC6B0D44174A}.Release|Any CPU.ActiveCfg = Release|Any CPU
		{1E061B8E-DEAF-419D-BD5A-CC6B0D44174A}.Release|Any CPU.Build.0 = Release|Any CPU
		{3DA011CB-310F-4141-B54C-4609E41CFE1A}.Debug|Any CPU.ActiveCfg = Debug|Any CPU
		{3DA011CB-310F-4141-B54C-4609E41CFE1A}.Debug|Any CPU.Build.0 = Debug|Any CPU
		{3DA011CB-310F-4141-B54C-4609E41CFE1A}.Release|Any CPU.ActiveCfg = Release|Any CPU
		{3DA011CB-310F-4141-B54C-4609E41CFE1A}.Release|Any CPU.Build.0 = Release|Any CPU
		{3DFB31B8-B977-44B2-AB71-A0B90CF42948}.Debug|Any CPU.ActiveCfg = Debug|Any CPU
		{3DFB31B8-B977-44B2-AB71-A0B90CF42948}.Debug|Any CPU.Build.0 = Debug|Any CPU
		{3DFB31B8-B977-44B2-AB71-A0B90CF42948}.Release|Any CPU.ActiveCfg = Release|Any CPU
		{3DFB31B8-B977-44B2-AB71-A0B90CF42948}.Release|Any CPU.Build.0 = Release|Any CPU
	EndGlobalSection
	GlobalSection(SolutionProperties) = preSolution
		HideSolutionNode = FALSE
	EndGlobalSection
	GlobalSection(ExtensibilityGlobals) = postSolution
		SolutionGuid = {E03CF85D-25C1-4D34-AEA5-9A57F4012BA4}
	EndGlobalSection
EndGlobal
